
Microsoft Visual Studio Solution File, Format Version 12.00
# Visual Studio Version 17
VisualStudioVersion = 17.13.35931.197
MinimumVisualStudioVersion = 10.0.40219.1
Project("{FAE04EC0-301F-11D3-BF4B-00C04F79EFBC}") = "Tarah.API", "Tarah.API\Tarah.API.csproj", "{536A56A4-444B-40B8-9AE0-BF4AEBE8F068}"
EndProject
Project("{FAE04EC0-301F-11D3-BF4B-00C04F79EFBC}") = "Tarah.Identity", "Tarah.Identity\Tarah.Identity.csproj", "{6BA40AA9-0910-4E4F-B7BC-0796F7EA2853}"
EndProject
Project("{FAE04EC0-301F-11D3-BF4B-00C04F79EFBC}") = "Tarah.Contracts", "Tarah.Contracts\Tarah.Contracts.csproj", "{7C2212EB-DA35-4CAA-842F-AF63151FB91B}"
EndProject
Global
	GlobalSection(SolutionConfigurationPlatforms) = preSolution
		Debug|Any CPU = Debug|Any CPU
		Release|Any CPU = Release|Any CPU
	EndGlobalSection
	GlobalSection(ProjectConfigurationPlatforms) = postSolution
		{536A56A4-444B-40B8-9AE0-BF4AEBE8F068}.Debug|Any CPU.ActiveCfg = Debug|Any CPU
		{536A56A4-444B-40B8-9AE0-BF4AEBE8F068}.Debug|Any CPU.Build.0 = Debug|Any CPU
		{536A56A4-444B-40B8-9AE0-BF4AEBE8F068}.Release|Any CPU.ActiveCfg = Release|Any CPU
		{536A56A4-444B-40B8-9AE0-BF4AEBE8F068}.Release|Any CPU.Build.0 = Release|Any CPU
		{6BA40AA9-0910-4E4F-B7BC-0796F7EA2853}.Debug|Any CPU.ActiveCfg = Debug|Any CPU
		{6BA40AA9-0910-4E4F-B7BC-0796F7EA2853}.Debug|Any CPU.Build.0 = Debug|Any CPU
		{6BA40AA9-0910-4E4F-B7BC-0796F7EA2853}.Release|Any CPU.ActiveCfg = Release|Any CPU
		{6BA40AA9-0910-4E4F-B7BC-0796F7EA2853}.Release|Any CPU.Build.0 = Release|Any CPU
		{7C2212EB-DA35-4CAA-842F-AF63151FB91B}.Debug|Any CPU.ActiveCfg = Debug|Any CPU
		{7C2212EB-DA35-4CAA-842F-AF63151FB91B}.Debug|Any CPU.Build.0 = Debug|Any CPU
		{7C2212EB-DA35-4CAA-842F-AF63151FB91B}.Release|Any CPU.ActiveCfg = Release|Any CPU
		{7C2212EB-DA35-4CAA-842F-AF63151FB91B}.Release|Any CPU.Build.0 = Release|Any CPU
	EndGlobalSection
	GlobalSection(SolutionProperties) = preSolution
		HideSolutionNode = FALSE
	EndGlobalSection
	GlobalSection(ExtensibilityGlobals) = postSolution
		SolutionGuid = {DF46E484-04B0-46AB-A164-1A6652C2CE7E}
	EndGlobalSection
EndGlobal
